// !$*UTF8*$!
{
	archiveVersion = 1;
	classes = {
	};
	objectVersion = 55;
	objects = {

/* Begin PBXBuildFile section */
		FB4DC82D2845B54A0029EC77 /* Creator.swift in Sources */ = {isa = PBXBuildFile; fileRef = FB4DC82C2845B54A0029EC77 /* Creator.swift */; };
		FB4DC82F2845B5810029EC77 /* GamePopular.swift in Sources */ = {isa = PBXBuildFile; fileRef = FB4DC82E2845B5810029EC77 /* GamePopular.swift */; };
		FB4DC8312845B5C30029EC77 /* GameDetail.swift in Sources */ = {isa = PBXBuildFile; fileRef = FB4DC8302845B5C30029EC77 /* GameDetail.swift */; };
		FB4DC8332845B6120029EC77 /* CreatorDetail.swift in Sources */ = {isa = PBXBuildFile; fileRef = FB4DC8322845B6120029EC77 /* CreatorDetail.swift */; };
		FB4DC8352845B62A0029EC77 /* Genre.swift in Sources */ = {isa = PBXBuildFile; fileRef = FB4DC8342845B62A0029EC77 /* Genre.swift */; };
		FB4DC8372845B63E0029EC77 /* Carousel.swift in Sources */ = {isa = PBXBuildFile; fileRef = FB4DC8362845B63E0029EC77 /* Carousel.swift */; };
		FB4DC8392845B6970029EC77 /* GameSuggestion.swift in Sources */ = {isa = PBXBuildFile; fileRef = FB4DC8382845B6970029EC77 /* GameSuggestion.swift */; };
		FB4DC83B2845B6C70029EC77 /* GameFavorite.swift in Sources */ = {isa = PBXBuildFile; fileRef = FB4DC83A2845B6C70029EC77 /* GameFavorite.swift */; };
		FB4DC83E2845B7CB0029EC77 /* CreatorViewModel.swift in Sources */ = {isa = PBXBuildFile; fileRef = FB4DC83D2845B7CB0029EC77 /* CreatorViewModel.swift */; };
		FB4DC8402845B7FD0029EC77 /* GamePopularViewModel.swift in Sources */ = {isa = PBXBuildFile; fileRef = FB4DC83F2845B7FD0029EC77 /* GamePopularViewModel.swift */; };
		FB4DC8422845B8340029EC77 /* GameDetailViewModel.swift in Sources */ = {isa = PBXBuildFile; fileRef = FB4DC8412845B8340029EC77 /* GameDetailViewModel.swift */; };
		FB4DC8442845B8D10029EC77 /* GameSearchViewModel.swift in Sources */ = {isa = PBXBuildFile; fileRef = FB4DC8432845B8D10029EC77 /* GameSearchViewModel.swift */; };
		FB4DC8462845B9560029EC77 /* GameFavoriteViewModel.swift in Sources */ = {isa = PBXBuildFile; fileRef = FB4DC8452845B9560029EC77 /* GameFavoriteViewModel.swift */; };
		FB4DC8482845B9C10029EC77 /* CreatorDetailViewModel.swift in Sources */ = {isa = PBXBuildFile; fileRef = FB4DC8472845B9C10029EC77 /* CreatorDetailViewModel.swift */; };
		FB4DC84A2845B9E80029EC77 /* GenreViewModel.swift in Sources */ = {isa = PBXBuildFile; fileRef = FB4DC8492845B9E80029EC77 /* GenreViewModel.swift */; };
		FB4DC84D2845BAFF0029EC77 /* ImagePicker.swift in Sources */ = {isa = PBXBuildFile; fileRef = FB4DC84C2845BAFF0029EC77 /* ImagePicker.swift */; };
		FB4DC84F2845BB400029EC77 /* Extension.swift in Sources */ = {isa = PBXBuildFile; fileRef = FB4DC84E2845BB400029EC77 /* Extension.swift */; };
		FB4DC8512845BB5F0029EC77 /* Constant.swift in Sources */ = {isa = PBXBuildFile; fileRef = FB4DC8502845BB5F0029EC77 /* Constant.swift */; };
		FB4DC8542845BCA50029EC77 /* SDWebImageSwiftUI in Frameworks */ = {isa = PBXBuildFile; productRef = FB4DC8532845BCA50029EC77 /* SDWebImageSwiftUI */; };
		FB4DC8572845BF880029EC77 /* Realm in Frameworks */ = {isa = PBXBuildFile; productRef = FB4DC8562845BF880029EC77 /* Realm */; };
		FB4DC8592845BF880029EC77 /* RealmSwift in Frameworks */ = {isa = PBXBuildFile; productRef = FB4DC8582845BF880029EC77 /* RealmSwift */; };
		FB4DC8632845C1B90029EC77 /* AppDelegate.swift in Sources */ = {isa = PBXBuildFile; fileRef = FB4DC8622845C1B90029EC77 /* AppDelegate.swift */; };
		FB4DC8652845C1C80029EC77 /* SceneDelegate.swift in Sources */ = {isa = PBXBuildFile; fileRef = FB4DC8642845C1C80029EC77 /* SceneDelegate.swift */; };
		FB889D472835D0A400CEFF86 /* ContentView.swift in Sources */ = {isa = PBXBuildFile; fileRef = FB889D462835D0A400CEFF86 /* ContentView.swift */; };
		FB889D492835D0A900CEFF86 /* Assets.xcassets in Resources */ = {isa = PBXBuildFile; fileRef = FB889D482835D0A900CEFF86 /* Assets.xcassets */; };
		FB889D4C2835D0A900CEFF86 /* Preview Assets.xcassets in Resources */ = {isa = PBXBuildFile; fileRef = FB889D4B2835D0A900CEFF86 /* Preview Assets.xcassets */; };
/* End PBXBuildFile section */

/* Begin PBXFileReference section */
		FB4DC82C2845B54A0029EC77 /* Creator.swift */ = {isa = PBXFileReference; lastKnownFileType = sourcecode.swift; path = Creator.swift; sourceTree = "<group>"; };
		FB4DC82E2845B5810029EC77 /* GamePopular.swift */ = {isa = PBXFileReference; lastKnownFileType = sourcecode.swift; path = GamePopular.swift; sourceTree = "<group>"; };
		FB4DC8302845B5C30029EC77 /* GameDetail.swift */ = {isa = PBXFileReference; lastKnownFileType = sourcecode.swift; path = GameDetail.swift; sourceTree = "<group>"; };
		FB4DC8322845B6120029EC77 /* CreatorDetail.swift */ = {isa = PBXFileReference; lastKnownFileType = sourcecode.swift; path = CreatorDetail.swift; sourceTree = "<group>"; };
		FB4DC8342845B62A0029EC77 /* Genre.swift */ = {isa = PBXFileReference; lastKnownFileType = sourcecode.swift; path = Genre.swift; sourceTree = "<group>"; };
		FB4DC8362845B63E0029EC77 /* Carousel.swift */ = {isa = PBXFileReference; lastKnownFileType = sourcecode.swift; path = Carousel.swift; sourceTree = "<group>"; };
		FB4DC8382845B6970029EC77 /* GameSuggestion.swift */ = {isa = PBXFileReference; lastKnownFileType = sourcecode.swift; path = GameSuggestion.swift; sourceTree = "<group>"; };
		FB4DC83A2845B6C70029EC77 /* GameFavorite.swift */ = {isa = PBXFileReference; lastKnownFileType = sourcecode.swift; path = GameFavorite.swift; sourceTree = "<group>"; };
		FB4DC83D2845B7CB0029EC77 /* CreatorViewModel.swift */ = {isa = PBXFileReference; lastKnownFileType = sourcecode.swift; path = CreatorViewModel.swift; sourceTree = "<group>"; };
		FB4DC83F2845B7FD0029EC77 /* GamePopularViewModel.swift */ = {isa = PBXFileReference; lastKnownFileType = sourcecode.swift; path = GamePopularViewModel.swift; sourceTree = "<group>"; };
		FB4DC8412845B8340029EC77 /* GameDetailViewModel.swift */ = {isa = PBXFileReference; lastKnownFileType = sourcecode.swift; path = GameDetailViewModel.swift; sourceTree = "<group>"; };
		FB4DC8432845B8D10029EC77 /* GameSearchViewModel.swift */ = {isa = PBXFileReference; lastKnownFileType = sourcecode.swift; path = GameSearchViewModel.swift; sourceTree = "<group>"; };
		FB4DC8452845B9560029EC77 /* GameFavoriteViewModel.swift */ = {isa = PBXFileReference; lastKnownFileType = sourcecode.swift; path = GameFavoriteViewModel.swift; sourceTree = "<group>"; };
		FB4DC8472845B9C10029EC77 /* CreatorDetailViewModel.swift */ = {isa = PBXFileReference; lastKnownFileType = sourcecode.swift; path = CreatorDetailViewModel.swift; sourceTree = "<group>"; };
		FB4DC8492845B9E80029EC77 /* GenreViewModel.swift */ = {isa = PBXFileReference; lastKnownFileType = sourcecode.swift; path = GenreViewModel.swift; sourceTree = "<group>"; };
		FB4DC84C2845BAFF0029EC77 /* ImagePicker.swift */ = {isa = PBXFileReference; lastKnownFileType = sourcecode.swift; path = ImagePicker.swift; sourceTree = "<group>"; };
		FB4DC84E2845BB400029EC77 /* Extension.swift */ = {isa = PBXFileReference; lastKnownFileType = sourcecode.swift; path = Extension.swift; sourceTree = "<group>"; };
		FB4DC8502845BB5F0029EC77 /* Constant.swift */ = {isa = PBXFileReference; lastKnownFileType = sourcecode.swift; path = Constant.swift; sourceTree = "<group>"; };
		FB4DC8622845C1B90029EC77 /* AppDelegate.swift */ = {isa = PBXFileReference; lastKnownFileType = sourcecode.swift; path = AppDelegate.swift; sourceTree = "<group>"; };
		FB4DC8642845C1C80029EC77 /* SceneDelegate.swift */ = {isa = PBXFileReference; lastKnownFileType = sourcecode.swift; path = SceneDelegate.swift; sourceTree = "<group>"; };
		FB889D412835D0A400CEFF86 /* games-catalogue.app */ = {isa = PBXFileReference; explicitFileType = wrapper.application; includeInIndex = 0; path = "games-catalogue.app"; sourceTree = BUILT_PRODUCTS_DIR; };
		FB889D462835D0A400CEFF86 /* ContentView.swift */ = {isa = PBXFileReference; lastKnownFileType = sourcecode.swift; path = ContentView.swift; sourceTree = "<group>"; };
		FB889D482835D0A900CEFF86 /* Assets.xcassets */ = {isa = PBXFileReference; lastKnownFileType = folder.assetcatalog; path = Assets.xcassets; sourceTree = "<group>"; };
		FB889D4B2835D0A900CEFF86 /* Preview Assets.xcassets */ = {isa = PBXFileReference; lastKnownFileType = folder.assetcatalog; path = "Preview Assets.xcassets"; sourceTree = "<group>"; };
/* End PBXFileReference section */

/* Begin PBXFrameworksBuildPhase section */
		FB889D3E2835D0A400CEFF86 /* Frameworks */ = {
			isa = PBXFrameworksBuildPhase;
			buildActionMask = 2147483647;
			files = (
				FB4DC8592845BF880029EC77 /* RealmSwift in Frameworks */,
				FB4DC8572845BF880029EC77 /* Realm in Frameworks */,
				FB4DC8542845BCA50029EC77 /* SDWebImageSwiftUI in Frameworks */,
			);
			runOnlyForDeploymentPostprocessing = 0;
		};
/* End PBXFrameworksBuildPhase section */

/* Begin PBXGroup section */
		FB2AA8E7283E061F001DD0E4 /* Views */ = {
			isa = PBXGroup;
			children = (
				FB4DC83C2845B73E0029EC77 /* ViewModel */,
			);
			path = Views;
			sourceTree = "<group>";
		};
		FB4DC83C2845B73E0029EC77 /* ViewModel */ = {
			isa = PBXGroup;
			children = (
				FB4DC83D2845B7CB0029EC77 /* CreatorViewModel.swift */,
				FB4DC8472845B9C10029EC77 /* CreatorDetailViewModel.swift */,
				FB4DC8412845B8340029EC77 /* GameDetailViewModel.swift */,
				FB4DC8452845B9560029EC77 /* GameFavoriteViewModel.swift */,
				FB4DC83F2845B7FD0029EC77 /* GamePopularViewModel.swift */,
				FB4DC8432845B8D10029EC77 /* GameSearchViewModel.swift */,
				FB4DC8492845B9E80029EC77 /* GenreViewModel.swift */,
			);
			path = ViewModel;
			sourceTree = "<group>";
		};
		FB4DC84B2845BAE70029EC77 /* Utils */ = {
			isa = PBXGroup;
			children = (
				FB4DC84C2845BAFF0029EC77 /* ImagePicker.swift */,
				FB4DC84E2845BB400029EC77 /* Extension.swift */,
				FB4DC8502845BB5F0029EC77 /* Constant.swift */,
			);
			path = Utils;
			sourceTree = "<group>";
		};
		FB4DC8612845C1AE0029EC77 /* Base */ = {
			isa = PBXGroup;
			children = (
				FB4DC8622845C1B90029EC77 /* AppDelegate.swift */,
				FB4DC8642845C1C80029EC77 /* SceneDelegate.swift */,
			);
			path = Base;
			sourceTree = "<group>";
		};
		FB889D382835D0A400CEFF86 = {
			isa = PBXGroup;
			children = (
				FB889D432835D0A400CEFF86 /* games-catalogue */,
				FB889D422835D0A400CEFF86 /* Products */,
			);
			sourceTree = "<group>";
		};
		FB889D422835D0A400CEFF86 /* Products */ = {
			isa = PBXGroup;
			children = (
				FB889D412835D0A400CEFF86 /* games-catalogue.app */,
			);
			name = Products;
			sourceTree = "<group>";
		};
		FB889D432835D0A400CEFF86 /* games-catalogue */ = {
			isa = PBXGroup;
			children = (
				FB4DC8612845C1AE0029EC77 /* Base */,
				FB4DC84B2845BAE70029EC77 /* Utils */,
				FBDF0418283D5F66005AF0AB /* Models */,
				FB2AA8E7283E061F001DD0E4 /* Views */,
				FB889D462835D0A400CEFF86 /* ContentView.swift */,
				FB889D482835D0A900CEFF86 /* Assets.xcassets */,
				FB889D4A2835D0A900CEFF86 /* Preview Content */,
			);
			path = "games-catalogue";
			sourceTree = "<group>";
		};
		FB889D4A2835D0A900CEFF86 /* Preview Content */ = {
			isa = PBXGroup;
			children = (
				FB889D4B2835D0A900CEFF86 /* Preview Assets.xcassets */,
			);
			path = "Preview Content";
			sourceTree = "<group>";
		};
		FBDF0418283D5F66005AF0AB /* Models */ = {
			isa = PBXGroup;
			children = (
				FB4DC8362845B63E0029EC77 /* Carousel.swift */,
				FB4DC82C2845B54A0029EC77 /* Creator.swift */,
				FB4DC8322845B6120029EC77 /* CreatorDetail.swift */,
				FB4DC8302845B5C30029EC77 /* GameDetail.swift */,
				FB4DC83A2845B6C70029EC77 /* GameFavorite.swift */,
				FB4DC82E2845B5810029EC77 /* GamePopular.swift */,
				FB4DC8382845B6970029EC77 /* GameSuggestion.swift */,
				FB4DC8342845B62A0029EC77 /* Genre.swift */,
			);
			path = Models;
			sourceTree = "<group>";
		};
/* End PBXGroup section */

/* Begin PBXNativeTarget section */
		FB889D402835D0A400CEFF86 /* games-catalogue */ = {
			isa = PBXNativeTarget;
			buildConfigurationList = FB889D4F2835D0A900CEFF86 /* Build configuration list for PBXNativeTarget "games-catalogue" */;
			buildPhases = (
				FB889D3D2835D0A400CEFF86 /* Sources */,
				FB889D3E2835D0A400CEFF86 /* Frameworks */,
				FB889D3F2835D0A400CEFF86 /* Resources */,
			);
			buildRules = (
			);
			dependencies = (
			);
			name = "games-catalogue";
			packageProductDependencies = (
				FB4DC8532845BCA50029EC77 /* SDWebImageSwiftUI */,
				FB4DC8562845BF880029EC77 /* Realm */,
				FB4DC8582845BF880029EC77 /* RealmSwift */,
			);
			productName = "Game-SwiftUI";
			productReference = FB889D412835D0A400CEFF86 /* games-catalogue.app */;
			productType = "com.apple.product-type.application";
		};
/* End PBXNativeTarget section */

/* Begin PBXProject section */
		FB889D392835D0A400CEFF86 /* Project object */ = {
			isa = PBXProject;
			attributes = {
				BuildIndependentTargetsInParallel = 1;
				LastSwiftUpdateCheck = 1330;
				LastUpgradeCheck = 1330;
				TargetAttributes = {
					FB889D402835D0A400CEFF86 = {
						CreatedOnToolsVersion = 13.3.1;
					};
				};
			};
			buildConfigurationList = FB889D3C2835D0A400CEFF86 /* Build configuration list for PBXProject "games-catalogue" */;
			compatibilityVersion = "Xcode 13.0";
			developmentRegion = en;
			hasScannedForEncodings = 0;
			knownRegions = (
				en,
				Base,
			);
			mainGroup = FB889D382835D0A400CEFF86;
			packageReferences = (
				FB4DC8522845BCA50029EC77 /* XCRemoteSwiftPackageReference "SDWebImageSwiftUI" */,
				FB4DC8552845BF880029EC77 /* XCRemoteSwiftPackageReference "realm-swift" */,
			);
			productRefGroup = FB889D422835D0A400CEFF86 /* Products */;
			projectDirPath = "";
			projectRoot = "";
			targets = (
				FB889D402835D0A400CEFF86 /* games-catalogue */,
			);
		};
/* End PBXProject section */

/* Begin PBXResourcesBuildPhase section */
		FB889D3F2835D0A400CEFF86 /* Resources */ = {
			isa = PBXResourcesBuildPhase;
			buildActionMask = 2147483647;
			files = (
				FB889D4C2835D0A900CEFF86 /* Preview Assets.xcassets in Resources */,
				FB889D492835D0A900CEFF86 /* Assets.xcassets in Resources */,
			);
			runOnlyForDeploymentPostprocessing = 0;
		};
/* End PBXResourcesBuildPhase section */

/* Begin PBXSourcesBuildPhase section */
		FB889D3D2835D0A400CEFF86 /* Sources */ = {
			isa = PBXSourcesBuildPhase;
			buildActionMask = 2147483647;
			files = (
				FB4DC8632845C1B90029EC77 /* AppDelegate.swift in Sources */,
				FB4DC8462845B9560029EC77 /* GameFavoriteViewModel.swift in Sources */,
				FB4DC8422845B8340029EC77 /* GameDetailViewModel.swift in Sources */,
				FB4DC83E2845B7CB0029EC77 /* CreatorViewModel.swift in Sources */,
				FB4DC84D2845BAFF0029EC77 /* ImagePicker.swift in Sources */,
				FB4DC8442845B8D10029EC77 /* GameSearchViewModel.swift in Sources */,
				FB4DC8652845C1C80029EC77 /* SceneDelegate.swift in Sources */,
				FB889D472835D0A400CEFF86 /* ContentView.swift in Sources */,
				FB4DC8512845BB5F0029EC77 /* Constant.swift in Sources */,
				FB4DC8482845B9C10029EC77 /* CreatorDetailViewModel.swift in Sources */,
				FB4DC8392845B6970029EC77 /* GameSuggestion.swift in Sources */,
				FB4DC8312845B5C30029EC77 /* GameDetail.swift in Sources */,
				FB4DC8352845B62A0029EC77 /* Genre.swift in Sources */,
				FB4DC8332845B6120029EC77 /* CreatorDetail.swift in Sources */,
				FB4DC83B2845B6C70029EC77 /* GameFavorite.swift in Sources */,
				FB4DC84F2845BB400029EC77 /* Extension.swift in Sources */,
				FB4DC82F2845B5810029EC77 /* GamePopular.swift in Sources */,
				FB4DC8402845B7FD0029EC77 /* GamePopularViewModel.swift in Sources */,
				FB4DC82D2845B54A0029EC77 /* Creator.swift in Sources */,
				FB4DC8372845B63E0029EC77 /* Carousel.swift in Sources */,
				FB4DC84A2845B9E80029EC77 /* GenreViewModel.swift in Sources */,
			);
			runOnlyForDeploymentPostprocessing = 0;
		};
/* End PBXSourcesBuildPhase section */

/* Begin XCBuildConfiguration section */
		FB889D4D2835D0A900CEFF86 /* Debug */ = {
			isa = XCBuildConfiguration;
			buildSettings = {
				ALWAYS_SEARCH_USER_PATHS = NO;
				CLANG_ANALYZER_NONNULL = YES;
				CLANG_ANALYZER_NUMBER_OBJECT_CONVERSION = YES_AGGRESSIVE;
				CLANG_CXX_LANGUAGE_STANDARD = "gnu++17";
				CLANG_ENABLE_MODULES = YES;
				CLANG_ENABLE_OBJC_ARC = YES;
				CLANG_ENABLE_OBJC_WEAK = YES;
				CLANG_WARN_BLOCK_CAPTURE_AUTORELEASING = YES;
				CLANG_WARN_BOOL_CONVERSION = YES;
				CLANG_WARN_COMMA = YES;
				CLANG_WARN_CONSTANT_CONVERSION = YES;
				CLANG_WARN_DEPRECATED_OBJC_IMPLEMENTATIONS = YES;
				CLANG_WARN_DIRECT_OBJC_ISA_USAGE = YES_ERROR;
				CLANG_WARN_DOCUMENTATION_COMMENTS = YES;
				CLANG_WARN_EMPTY_BODY = YES;
				CLANG_WARN_ENUM_CONVERSION = YES;
				CLANG_WARN_INFINITE_RECURSION = YES;
				CLANG_WARN_INT_CONVERSION = YES;
				CLANG_WARN_NON_LITERAL_NULL_CONVERSION = YES;
				CLANG_WARN_OBJC_IMPLICIT_RETAIN_SELF = YES;
				CLANG_WARN_OBJC_LITERAL_CONVERSION = YES;
				CLANG_WARN_OBJC_ROOT_CLASS = YES_ERROR;
				CLANG_WARN_QUOTED_INCLUDE_IN_FRAMEWORK_HEADER = YES;
				CLANG_WARN_RANGE_LOOP_ANALYSIS = YES;
				CLANG_WARN_STRICT_PROTOTYPES = YES;
				CLANG_WARN_SUSPICIOUS_MOVE = YES;
				CLANG_WARN_UNGUARDED_AVAILABILITY = YES_AGGRESSIVE;
				CLANG_WARN_UNREACHABLE_CODE = YES;
				CLANG_WARN__DUPLICATE_METHOD_MATCH = YES;
				COPY_PHASE_STRIP = NO;
				DEBUG_INFORMATION_FORMAT = dwarf;
				ENABLE_STRICT_OBJC_MSGSEND = YES;
				ENABLE_TESTABILITY = YES;
				GCC_C_LANGUAGE_STANDARD = gnu11;
				GCC_DYNAMIC_NO_PIC = NO;
				GCC_NO_COMMON_BLOCKS = YES;
				GCC_OPTIMIZATION_LEVEL = 0;
				GCC_PREPROCESSOR_DEFINITIONS = (
					"DEBUG=1",
					"$(inherited)",
				);
				GCC_WARN_64_TO_32_BIT_CONVERSION = YES;
				GCC_WARN_ABOUT_RETURN_TYPE = YES_ERROR;
				GCC_WARN_UNDECLARED_SELECTOR = YES;
				GCC_WARN_UNINITIALIZED_AUTOS = YES_AGGRESSIVE;
				GCC_WARN_UNUSED_FUNCTION = YES;
				GCC_WARN_UNUSED_VARIABLE = YES;
				IPHONEOS_DEPLOYMENT_TARGET = 15.4;
				MTL_ENABLE_DEBUG_INFO = INCLUDE_SOURCE;
				MTL_FAST_MATH = YES;
				ONLY_ACTIVE_ARCH = YES;
				SDKROOT = iphoneos;
				SWIFT_ACTIVE_COMPILATION_CONDITIONS = DEBUG;
				SWIFT_OPTIMIZATION_LEVEL = "-Onone";
			};
			name = Debug;
		};
		FB889D4E2835D0A900CEFF86 /* Release */ = {
			isa = XCBuildConfiguration;
			buildSettings = {
				ALWAYS_SEARCH_USER_PATHS = NO;
				CLANG_ANALYZER_NONNULL = YES;
				CLANG_ANALYZER_NUMBER_OBJECT_CONVERSION = YES_AGGRESSIVE;
				CLANG_CXX_LANGUAGE_STANDARD = "gnu++17";
				CLANG_ENABLE_MODULES = YES;
				CLANG_ENABLE_OBJC_ARC = YES;
				CLANG_ENABLE_OBJC_WEAK = YES;
				CLANG_WARN_BLOCK_CAPTURE_AUTORELEASING = YES;
				CLANG_WARN_BOOL_CONVERSION = YES;
				CLANG_WARN_COMMA = YES;
				CLANG_WARN_CONSTANT_CONVERSION = YES;
				CLANG_WARN_DEPRECATED_OBJC_IMPLEMENTATIONS = YES;
				CLANG_WARN_DIRECT_OBJC_ISA_USAGE = YES_ERROR;
				CLANG_WARN_DOCUMENTATION_COMMENTS = YES;
				CLANG_WARN_EMPTY_BODY = YES;
				CLANG_WARN_ENUM_CONVERSION = YES;
				CLANG_WARN_INFINITE_RECURSION = YES;
				CLANG_WARN_INT_CONVERSION = YES;
				CLANG_WARN_NON_LITERAL_NULL_CONVERSION = YES;
				CLANG_WARN_OBJC_IMPLICIT_RETAIN_SELF = YES;
				CLANG_WARN_OBJC_LITERAL_CONVERSION = YES;
				CLANG_WARN_OBJC_ROOT_CLASS = YES_ERROR;
				CLANG_WARN_QUOTED_INCLUDE_IN_FRAMEWORK_HEADER = YES;
				CLANG_WARN_RANGE_LOOP_ANALYSIS = YES;
				CLANG_WARN_STRICT_PROTOTYPES = YES;
				CLANG_WARN_SUSPICIOUS_MOVE = YES;
				CLANG_WARN_UNGUARDED_AVAILABILITY = YES_AGGRESSIVE;
				CLANG_WARN_UNREACHABLE_CODE = YES;
				CLANG_WARN__DUPLICATE_METHOD_MATCH = YES;
				COPY_PHASE_STRIP = NO;
				DEBUG_INFORMATION_FORMAT = "dwarf-with-dsym";
				ENABLE_NS_ASSERTIONS = NO;
				ENABLE_STRICT_OBJC_MSGSEND = YES;
				GCC_C_LANGUAGE_STANDARD = gnu11;
				GCC_NO_COMMON_BLOCKS = YES;
				GCC_WARN_64_TO_32_BIT_CONVERSION = YES;
				GCC_WARN_ABOUT_RETURN_TYPE = YES_ERROR;
				GCC_WARN_UNDECLARED_SELECTOR = YES;
				GCC_WARN_UNINITIALIZED_AUTOS = YES_AGGRESSIVE;
				GCC_WARN_UNUSED_FUNCTION = YES;
				GCC_WARN_UNUSED_VARIABLE = YES;
				IPHONEOS_DEPLOYMENT_TARGET = 15.4;
				MTL_ENABLE_DEBUG_INFO = NO;
				MTL_FAST_MATH = YES;
				SDKROOT = iphoneos;
				SWIFT_COMPILATION_MODE = wholemodule;
				SWIFT_OPTIMIZATION_LEVEL = "-O";
				VALIDATE_PRODUCT = YES;
			};
			name = Release;
		};
		FB889D502835D0A900CEFF86 /* Debug */ = {
			isa = XCBuildConfiguration;
			buildSettings = {
				ASSETCATALOG_COMPILER_APPICON_NAME = AppIcon;
				ASSETCATALOG_COMPILER_GLOBAL_ACCENT_COLOR_NAME = AccentColor;
				CODE_SIGN_STYLE = Automatic;
				CURRENT_PROJECT_VERSION = 1;
				DEVELOPMENT_ASSET_PATHS = "\"games-catalogue/Preview Content\"";
				DEVELOPMENT_TEAM = X2Y9BAX6QL;
				ENABLE_PREVIEWS = YES;
				GENERATE_INFOPLIST_FILE = YES;
				INFOPLIST_KEY_UIApplicationSceneManifest_Generation = YES;
				INFOPLIST_KEY_UIApplicationSupportsIndirectInputEvents = YES;
				INFOPLIST_KEY_UILaunchScreen_Generation = YES;
				INFOPLIST_KEY_UISupportedInterfaceOrientations_iPad = "UIInterfaceOrientationPortrait UIInterfaceOrientationPortraitUpsideDown UIInterfaceOrientationLandscapeLeft UIInterfaceOrientationLandscapeRight";
				INFOPLIST_KEY_UISupportedInterfaceOrientations_iPhone = "UIInterfaceOrientationPortrait UIInterfaceOrientationLandscapeLeft UIInterfaceOrientationLandscapeRight";
				LD_RUNPATH_SEARCH_PATHS = (
					"$(inherited)",
					"@executable_path/Frameworks",
				);
				MARKETING_VERSION = 1.0;
				PRODUCT_BUNDLE_IDENTIFIER = "com.shyzagonakamoto.games-catalogue";
				PRODUCT_NAME = "games-catalogue";
				SWIFT_EMIT_LOC_STRINGS = YES;
				SWIFT_VERSION = 5.0;
				TARGETED_DEVICE_FAMILY = "1,2";
			};
			name = Debug;
		};
		FB889D512835D0A900CEFF86 /* Release */ = {
			isa = XCBuildConfiguration;
			buildSettings = {
				ASSETCATALOG_COMPILER_APPICON_NAME = AppIcon;
				ASSETCATALOG_COMPILER_GLOBAL_ACCENT_COLOR_NAME = AccentColor;
				CODE_SIGN_STYLE = Automatic;
				CURRENT_PROJECT_VERSION = 1;
				DEVELOPMENT_ASSET_PATHS = "\"games-catalogue/Preview Content\"";
				DEVELOPMENT_TEAM = X2Y9BAX6QL;
				ENABLE_PREVIEWS = YES;
				GENERATE_INFOPLIST_FILE = YES;
				INFOPLIST_KEY_UIApplicationSceneManifest_Generation = YES;
				INFOPLIST_KEY_UIApplicationSupportsIndirectInputEvents = YES;
				INFOPLIST_KEY_UILaunchScreen_Generation = YES;
				INFOPLIST_KEY_UISupportedInterfaceOrientations_iPad = "UIInterfaceOrientationPortrait UIInterfaceOrientationPortraitUpsideDown UIInterfaceOrientationLandscapeLeft UIInterfaceOrientationLandscapeRight";
				INFOPLIST_KEY_UISupportedInterfaceOrientations_iPhone = "UIInterfaceOrientationPortrait UIInterfaceOrientationLandscapeLeft UIInterfaceOrientationLandscapeRight";
				LD_RUNPATH_SEARCH_PATHS = (
					"$(inherited)",
					"@executable_path/Frameworks",
				);
				MARKETING_VERSION = 1.0;
				PRODUCT_BUNDLE_IDENTIFIER = "com.shyzagonakamoto.games-catalogue";
				PRODUCT_NAME = "games-catalogue";
				SWIFT_EMIT_LOC_STRINGS = YES;
				SWIFT_VERSION = 5.0;
				TARGETED_DEVICE_FAMILY = "1,2";
			};
			name = Release;
		};
/* End XCBuildConfiguration section */

/* Begin XCConfigurationList section */
		FB889D3C2835D0A400CEFF86 /* Build configuration list for PBXProject "games-catalogue" */ = {
			isa = XCConfigurationList;
			buildConfigurations = (
				FB889D4D2835D0A900CEFF86 /* Debug */,
				FB889D4E2835D0A900CEFF86 /* Release */,
			);
			defaultConfigurationIsVisible = 0;
			defaultConfigurationName = Release;
		};
		FB889D4F2835D0A900CEFF86 /* Build configuration list for PBXNativeTarget "games-catalogue" */ = {
			isa = XCConfigurationList;
			buildConfigurations = (
				FB889D502835D0A900CEFF86 /* Debug */,
				FB889D512835D0A900CEFF86 /* Release */,
			);
			defaultConfigurationIsVisible = 0;
			defaultConfigurationName = Release;
		};
/* End XCConfigurationList section */

/* Begin XCRemoteSwiftPackageReference section */
		FB4DC8522845BCA50029EC77 /* XCRemoteSwiftPackageReference "SDWebImageSwiftUI" */ = {
			isa = XCRemoteSwiftPackageReference;
			repositoryURL = "https://github.com/SDWebImage/SDWebImageSwiftUI.git";
			requirement = {
				kind = upToNextMajorVersion;
				minimumVersion = 2.0.0;
			};
		};
		FB4DC8552845BF880029EC77 /* XCRemoteSwiftPackageReference "realm-swift" */ = {
			isa = XCRemoteSwiftPackageReference;
			repositoryURL = "https://github.com/realm/realm-swift";
			requirement = {
				branch = master;
				kind = branch;
			};
		};
/* End XCRemoteSwiftPackageReference section */

/* Begin XCSwiftPackageProductDependency section */
		FB4DC8532845BCA50029EC77 /* SDWebImageSwiftUI */ = {
			isa = XCSwiftPackageProductDependency;
			package = FB4DC8522845BCA50029EC77 /* XCRemoteSwiftPackageReference "SDWebImageSwiftUI" */;
			productName = SDWebImageSwiftUI;
		};
		FB4DC8562845BF880029EC77 /* Realm */ = {
			isa = XCSwiftPackageProductDependency;
			package = FB4DC8552845BF880029EC77 /* XCRemoteSwiftPackageReference "realm-swift" */;
			productName = Realm;
		};
		FB4DC8582845BF880029EC77 /* RealmSwift */ = {
			isa = XCSwiftPackageProductDependency;
			package = FB4DC8552845BF880029EC77 /* XCRemoteSwiftPackageReference "realm-swift" */;
			productName = RealmSwift;
		};
/* End XCSwiftPackageProductDependency section */
	};
	rootObject = FB889D392835D0A400CEFF86 /* Project object */;
}
