// !$*UTF8*$!
{
	archiveVersion = 1;
	classes = {
	};
	objectVersion = 55;
	objects = {

/* Begin PBXBuildFile section */
		FB889D472835D0A400CEFF86 /* ContentView.swift in Sources */ = {isa = PBXBuildFile; fileRef = FB889D462835D0A400CEFF86 /* ContentView.swift */; };
		FB889D492835D0A900CEFF86 /* Assets.xcassets in Resources */ = {isa = PBXBuildFile; fileRef = FB889D482835D0A900CEFF86 /* Assets.xcassets */; };
		FB889D4C2835D0A900CEFF86 /* Preview Assets.xcassets in Resources */ = {isa = PBXBuildFile; fileRef = FB889D4B2835D0A900CEFF86 /* Preview Assets.xcassets */; };
		FBDF0421283D601A005AF0AB /* Game.swift in Sources */ = {isa = PBXBuildFile; fileRef = FBDF0420283D601A005AF0AB /* Game.swift */; };
		FBDF0423283D603A005AF0AB /* GameDetail.swift in Sources */ = {isa = PBXBuildFile; fileRef = FBDF0422283D603A005AF0AB /* GameDetail.swift */; };
		FBDF0425283D6073005AF0AB /* GameProvider.swift in Sources */ = {isa = PBXBuildFile; fileRef = FBDF0424283D6073005AF0AB /* GameProvider.swift */; };
		FBDF0427283D609E005AF0AB /* GameService.swift in Sources */ = {isa = PBXBuildFile; fileRef = FBDF0426283D609E005AF0AB /* GameService.swift */; };
		FBDF0429283D6131005AF0AB /* GameConfig.swift in Sources */ = {isa = PBXBuildFile; fileRef = FBDF0428283D6131005AF0AB /* GameConfig.swift */; };
/* End PBXBuildFile section */

/* Begin PBXFileReference section */
		FB889D412835D0A400CEFF86 /* games-catalogue.app */ = {isa = PBXFileReference; explicitFileType = wrapper.application; includeInIndex = 0; path = "games-catalogue.app"; sourceTree = BUILT_PRODUCTS_DIR; };
		FB889D462835D0A400CEFF86 /* ContentView.swift */ = {isa = PBXFileReference; lastKnownFileType = sourcecode.swift; path = ContentView.swift; sourceTree = "<group>"; };
		FB889D482835D0A900CEFF86 /* Assets.xcassets */ = {isa = PBXFileReference; lastKnownFileType = folder.assetcatalog; path = Assets.xcassets; sourceTree = "<group>"; };
		FB889D4B2835D0A900CEFF86 /* Preview Assets.xcassets */ = {isa = PBXFileReference; lastKnownFileType = folder.assetcatalog; path = "Preview Assets.xcassets"; sourceTree = "<group>"; };
		FBDF0420283D601A005AF0AB /* Game.swift */ = {isa = PBXFileReference; lastKnownFileType = sourcecode.swift; path = Game.swift; sourceTree = "<group>"; };
		FBDF0422283D603A005AF0AB /* GameDetail.swift */ = {isa = PBXFileReference; lastKnownFileType = sourcecode.swift; path = GameDetail.swift; sourceTree = "<group>"; };
		FBDF0424283D6073005AF0AB /* GameProvider.swift */ = {isa = PBXFileReference; lastKnownFileType = sourcecode.swift; path = GameProvider.swift; sourceTree = "<group>"; };
		FBDF0426283D609E005AF0AB /* GameService.swift */ = {isa = PBXFileReference; lastKnownFileType = sourcecode.swift; path = GameService.swift; sourceTree = "<group>"; };
		FBDF0428283D6131005AF0AB /* GameConfig.swift */ = {isa = PBXFileReference; lastKnownFileType = sourcecode.swift; path = GameConfig.swift; sourceTree = "<group>"; };
/* End PBXFileReference section */

/* Begin PBXFrameworksBuildPhase section */
		FB889D3E2835D0A400CEFF86 /* Frameworks */ = {
			isa = PBXFrameworksBuildPhase;
			buildActionMask = 2147483647;
			files = (
			);
			runOnlyForDeploymentPostprocessing = 0;
		};
/* End PBXFrameworksBuildPhase section */

/* Begin PBXGroup section */
		FB2AA8E7283E061F001DD0E4 /* Views */ = {
			isa = PBXGroup;
			children = (
				FB2AA8E8283E0625001DD0E4 /* Detail */,
				FB2AA8E9283E062E001DD0E4 /* Home */,
			);
			path = Views;
			sourceTree = "<group>";
		};
		FB2AA8E8283E0625001DD0E4 /* Detail */ = {
			isa = PBXGroup;
			children = (
			);
			path = Detail;
			sourceTree = "<group>";
		};
		FB2AA8E9283E062E001DD0E4 /* Home */ = {
			isa = PBXGroup;
			children = (
			);
			path = Home;
			sourceTree = "<group>";
		};
		FB889D382835D0A400CEFF86 = {
			isa = PBXGroup;
			children = (
				FB889D432835D0A400CEFF86 /* games-catalogue */,
				FB889D422835D0A400CEFF86 /* Products */,
			);
			sourceTree = "<group>";
		};
		FB889D422835D0A400CEFF86 /* Products */ = {
			isa = PBXGroup;
			children = (
				FB889D412835D0A400CEFF86 /* games-catalogue.app */,
			);
			name = Products;
			sourceTree = "<group>";
		};
		FB889D432835D0A400CEFF86 /* games-catalogue */ = {
			isa = PBXGroup;
			children = (
				FBDF0418283D5F66005AF0AB /* Models */,
				FBDF041A283D5F9E005AF0AB /* Services */,
				FB2AA8E7283E061F001DD0E4 /* Views */,
				FB889D462835D0A400CEFF86 /* ContentView.swift */,
				FB889D482835D0A900CEFF86 /* Assets.xcassets */,
				FB889D4A2835D0A900CEFF86 /* Preview Content */,
			);
			path = "games-catalogue";
			sourceTree = "<group>";
		};
		FB889D4A2835D0A900CEFF86 /* Preview Content */ = {
			isa = PBXGroup;
			children = (
				FB889D4B2835D0A900CEFF86 /* Preview Assets.xcassets */,
			);
			path = "Preview Content";
			sourceTree = "<group>";
		};
		FBDF0418283D5F66005AF0AB /* Models */ = {
			isa = PBXGroup;
			children = (
				FBDF0420283D601A005AF0AB /* Game.swift */,
				FBDF0422283D603A005AF0AB /* GameDetail.swift */,
				FBDF0424283D6073005AF0AB /* GameProvider.swift */,
			);
			path = Models;
			sourceTree = "<group>";
		};
		FBDF041A283D5F9E005AF0AB /* Services */ = {
			isa = PBXGroup;
			children = (
				FBDF0426283D609E005AF0AB /* GameService.swift */,
				FBDF0428283D6131005AF0AB /* GameConfig.swift */,
			);
			path = Services;
			sourceTree = "<group>";
		};
/* End PBXGroup section */

/* Begin PBXNativeTarget section */
		FB889D402835D0A400CEFF86 /* games-catalogue */ = {
			isa = PBXNativeTarget;
			buildConfigurationList = FB889D4F2835D0A900CEFF86 /* Build configuration list for PBXNativeTarget "games-catalogue" */;
			buildPhases = (
				FB889D3D2835D0A400CEFF86 /* Sources */,
				FB889D3E2835D0A400CEFF86 /* Frameworks */,
				FB889D3F2835D0A400CEFF86 /* Resources */,
			);
			buildRules = (
			);
			dependencies = (
			);
			name = "games-catalogue";
			productName = "Game-SwiftUI";
			productReference = FB889D412835D0A400CEFF86 /* games-catalogue.app */;
			productType = "com.apple.product-type.application";
		};
/* End PBXNativeTarget section */

/* Begin PBXProject section */
		FB889D392835D0A400CEFF86 /* Project object */ = {
			isa = PBXProject;
			attributes = {
				BuildIndependentTargetsInParallel = 1;
				LastSwiftUpdateCheck = 1330;
				LastUpgradeCheck = 1330;
				TargetAttributes = {
					FB889D402835D0A400CEFF86 = {
						CreatedOnToolsVersion = 13.3.1;
					};
				};
			};
			buildConfigurationList = FB889D3C2835D0A400CEFF86 /* Build configuration list for PBXProject "games-catalogue" */;
			compatibilityVersion = "Xcode 13.0";
			developmentRegion = en;
			hasScannedForEncodings = 0;
			knownRegions = (
				en,
				Base,
			);
			mainGroup = FB889D382835D0A400CEFF86;
			productRefGroup = FB889D422835D0A400CEFF86 /* Products */;
			projectDirPath = "";
			projectRoot = "";
			targets = (
				FB889D402835D0A400CEFF86 /* games-catalogue */,
			);
		};
/* End PBXProject section */

/* Begin PBXResourcesBuildPhase section */
		FB889D3F2835D0A400CEFF86 /* Resources */ = {
			isa = PBXResourcesBuildPhase;
			buildActionMask = 2147483647;
			files = (
				FB889D4C2835D0A900CEFF86 /* Preview Assets.xcassets in Resources */,
				FB889D492835D0A900CEFF86 /* Assets.xcassets in Resources */,
			);
			runOnlyForDeploymentPostprocessing = 0;
		};
/* End PBXResourcesBuildPhase section */

/* Begin PBXSourcesBuildPhase section */
		FB889D3D2835D0A400CEFF86 /* Sources */ = {
			isa = PBXSourcesBuildPhase;
			buildActionMask = 2147483647;
			files = (
				FB889D472835D0A400CEFF86 /* ContentView.swift in Sources */,
				FBDF0429283D6131005AF0AB /* GameConfig.swift in Sources */,
				FBDF0423283D603A005AF0AB /* GameDetail.swift in Sources */,
				FBDF0427283D609E005AF0AB /* GameService.swift in Sources */,
				FBDF0425283D6073005AF0AB /* GameProvider.swift in Sources */,
				FBDF0421283D601A005AF0AB /* Game.swift in Sources */,
			);
			runOnlyForDeploymentPostprocessing = 0;
		};
/* End PBXSourcesBuildPhase section */

/* Begin XCBuildConfiguration section */
		FB889D4D2835D0A900CEFF86 /* Debug */ = {
			isa = XCBuildConfiguration;
			buildSettings = {
				ALWAYS_SEARCH_USER_PATHS = NO;
				CLANG_ANALYZER_NONNULL = YES;
				CLANG_ANALYZER_NUMBER_OBJECT_CONVERSION = YES_AGGRESSIVE;
				CLANG_CXX_LANGUAGE_STANDARD = "gnu++17";
				CLANG_ENABLE_MODULES = YES;
				CLANG_ENABLE_OBJC_ARC = YES;
				CLANG_ENABLE_OBJC_WEAK = YES;
				CLANG_WARN_BLOCK_CAPTURE_AUTORELEASING = YES;
				CLANG_WARN_BOOL_CONVERSION = YES;
				CLANG_WARN_COMMA = YES;
				CLANG_WARN_CONSTANT_CONVERSION = YES;
				CLANG_WARN_DEPRECATED_OBJC_IMPLEMENTATIONS = YES;
				CLANG_WARN_DIRECT_OBJC_ISA_USAGE = YES_ERROR;
				CLANG_WARN_DOCUMENTATION_COMMENTS = YES;
				CLANG_WARN_EMPTY_BODY = YES;
				CLANG_WARN_ENUM_CONVERSION = YES;
				CLANG_WARN_INFINITE_RECURSION = YES;
				CLANG_WARN_INT_CONVERSION = YES;
				CLANG_WARN_NON_LITERAL_NULL_CONVERSION = YES;
				CLANG_WARN_OBJC_IMPLICIT_RETAIN_SELF = YES;
				CLANG_WARN_OBJC_LITERAL_CONVERSION = YES;
				CLANG_WARN_OBJC_ROOT_CLASS = YES_ERROR;
				CLANG_WARN_QUOTED_INCLUDE_IN_FRAMEWORK_HEADER = YES;
				CLANG_WARN_RANGE_LOOP_ANALYSIS = YES;
				CLANG_WARN_STRICT_PROTOTYPES = YES;
				CLANG_WARN_SUSPICIOUS_MOVE = YES;
				CLANG_WARN_UNGUARDED_AVAILABILITY = YES_AGGRESSIVE;
				CLANG_WARN_UNREACHABLE_CODE = YES;
				CLANG_WARN__DUPLICATE_METHOD_MATCH = YES;
				COPY_PHASE_STRIP = NO;
				DEBUG_INFORMATION_FORMAT = dwarf;
				ENABLE_STRICT_OBJC_MSGSEND = YES;
				ENABLE_TESTABILITY = YES;
				GCC_C_LANGUAGE_STANDARD = gnu11;
				GCC_DYNAMIC_NO_PIC = NO;
				GCC_NO_COMMON_BLOCKS = YES;
				GCC_OPTIMIZATION_LEVEL = 0;
				GCC_PREPROCESSOR_DEFINITIONS = (
					"DEBUG=1",
					"$(inherited)",
				);
				GCC_WARN_64_TO_32_BIT_CONVERSION = YES;
				GCC_WARN_ABOUT_RETURN_TYPE = YES_ERROR;
				GCC_WARN_UNDECLARED_SELECTOR = YES;
				GCC_WARN_UNINITIALIZED_AUTOS = YES_AGGRESSIVE;
				GCC_WARN_UNUSED_FUNCTION = YES;
				GCC_WARN_UNUSED_VARIABLE = YES;
				IPHONEOS_DEPLOYMENT_TARGET = 15.4;
				MTL_ENABLE_DEBUG_INFO = INCLUDE_SOURCE;
				MTL_FAST_MATH = YES;
				ONLY_ACTIVE_ARCH = YES;
				SDKROOT = iphoneos;
				SWIFT_ACTIVE_COMPILATION_CONDITIONS = DEBUG;
				SWIFT_OPTIMIZATION_LEVEL = "-Onone";
			};
			name = Debug;
		};
		FB889D4E2835D0A900CEFF86 /* Release */ = {
			isa = XCBuildConfiguration;
			buildSettings = {
				ALWAYS_SEARCH_USER_PATHS = NO;
				CLANG_ANALYZER_NONNULL = YES;
				CLANG_ANALYZER_NUMBER_OBJECT_CONVERSION = YES_AGGRESSIVE;
				CLANG_CXX_LANGUAGE_STANDARD = "gnu++17";
				CLANG_ENABLE_MODULES = YES;
				CLANG_ENABLE_OBJC_ARC = YES;
				CLANG_ENABLE_OBJC_WEAK = YES;
				CLANG_WARN_BLOCK_CAPTURE_AUTORELEASING = YES;
				CLANG_WARN_BOOL_CONVERSION = YES;
				CLANG_WARN_COMMA = YES;
				CLANG_WARN_CONSTANT_CONVERSION = YES;
				CLANG_WARN_DEPRECATED_OBJC_IMPLEMENTATIONS = YES;
				CLANG_WARN_DIRECT_OBJC_ISA_USAGE = YES_ERROR;
				CLANG_WARN_DOCUMENTATION_COMMENTS = YES;
				CLANG_WARN_EMPTY_BODY = YES;
				CLANG_WARN_ENUM_CONVERSION = YES;
				CLANG_WARN_INFINITE_RECURSION = YES;
				CLANG_WARN_INT_CONVERSION = YES;
				CLANG_WARN_NON_LITERAL_NULL_CONVERSION = YES;
				CLANG_WARN_OBJC_IMPLICIT_RETAIN_SELF = YES;
				CLANG_WARN_OBJC_LITERAL_CONVERSION = YES;
				CLANG_WARN_OBJC_ROOT_CLASS = YES_ERROR;
				CLANG_WARN_QUOTED_INCLUDE_IN_FRAMEWORK_HEADER = YES;
				CLANG_WARN_RANGE_LOOP_ANALYSIS = YES;
				CLANG_WARN_STRICT_PROTOTYPES = YES;
				CLANG_WARN_SUSPICIOUS_MOVE = YES;
				CLANG_WARN_UNGUARDED_AVAILABILITY = YES_AGGRESSIVE;
				CLANG_WARN_UNREACHABLE_CODE = YES;
				CLANG_WARN__DUPLICATE_METHOD_MATCH = YES;
				COPY_PHASE_STRIP = NO;
				DEBUG_INFORMATION_FORMAT = "dwarf-with-dsym";
				ENABLE_NS_ASSERTIONS = NO;
				ENABLE_STRICT_OBJC_MSGSEND = YES;
				GCC_C_LANGUAGE_STANDARD = gnu11;
				GCC_NO_COMMON_BLOCKS = YES;
				GCC_WARN_64_TO_32_BIT_CONVERSION = YES;
				GCC_WARN_ABOUT_RETURN_TYPE = YES_ERROR;
				GCC_WARN_UNDECLARED_SELECTOR = YES;
				GCC_WARN_UNINITIALIZED_AUTOS = YES_AGGRESSIVE;
				GCC_WARN_UNUSED_FUNCTION = YES;
				GCC_WARN_UNUSED_VARIABLE = YES;
				IPHONEOS_DEPLOYMENT_TARGET = 15.4;
				MTL_ENABLE_DEBUG_INFO = NO;
				MTL_FAST_MATH = YES;
				SDKROOT = iphoneos;
				SWIFT_COMPILATION_MODE = wholemodule;
				SWIFT_OPTIMIZATION_LEVEL = "-O";
				VALIDATE_PRODUCT = YES;
			};
			name = Release;
		};
		FB889D502835D0A900CEFF86 /* Debug */ = {
			isa = XCBuildConfiguration;
			buildSettings = {
				ASSETCATALOG_COMPILER_APPICON_NAME = AppIcon;
				ASSETCATALOG_COMPILER_GLOBAL_ACCENT_COLOR_NAME = AccentColor;
				CODE_SIGN_STYLE = Automatic;
				CURRENT_PROJECT_VERSION = 1;
				DEVELOPMENT_ASSET_PATHS = "\"games-catalogue/Preview Content\"";
				DEVELOPMENT_TEAM = X2Y9BAX6QL;
				ENABLE_PREVIEWS = YES;
				GENERATE_INFOPLIST_FILE = YES;
				INFOPLIST_KEY_UIApplicationSceneManifest_Generation = YES;
				INFOPLIST_KEY_UIApplicationSupportsIndirectInputEvents = YES;
				INFOPLIST_KEY_UILaunchScreen_Generation = YES;
				INFOPLIST_KEY_UISupportedInterfaceOrientations_iPad = "UIInterfaceOrientationPortrait UIInterfaceOrientationPortraitUpsideDown UIInterfaceOrientationLandscapeLeft UIInterfaceOrientationLandscapeRight";
				INFOPLIST_KEY_UISupportedInterfaceOrientations_iPhone = "UIInterfaceOrientationPortrait UIInterfaceOrientationLandscapeLeft UIInterfaceOrientationLandscapeRight";
				LD_RUNPATH_SEARCH_PATHS = (
					"$(inherited)",
					"@executable_path/Frameworks",
				);
				MARKETING_VERSION = 1.0;
				PRODUCT_BUNDLE_IDENTIFIER = "com.shyzagonakamoto.games-catalogue";
				PRODUCT_NAME = "games-catalogue";
				SWIFT_EMIT_LOC_STRINGS = YES;
				SWIFT_VERSION = 5.0;
				TARGETED_DEVICE_FAMILY = "1,2";
			};
			name = Debug;
		};
		FB889D512835D0A900CEFF86 /* Release */ = {
			isa = XCBuildConfiguration;
			buildSettings = {
				ASSETCATALOG_COMPILER_APPICON_NAME = AppIcon;
				ASSETCATALOG_COMPILER_GLOBAL_ACCENT_COLOR_NAME = AccentColor;
				CODE_SIGN_STYLE = Automatic;
				CURRENT_PROJECT_VERSION = 1;
				DEVELOPMENT_ASSET_PATHS = "\"games-catalogue/Preview Content\"";
				DEVELOPMENT_TEAM = X2Y9BAX6QL;
				ENABLE_PREVIEWS = YES;
				GENERATE_INFOPLIST_FILE = YES;
				INFOPLIST_KEY_UIApplicationSceneManifest_Generation = YES;
				INFOPLIST_KEY_UIApplicationSupportsIndirectInputEvents = YES;
				INFOPLIST_KEY_UILaunchScreen_Generation = YES;
				INFOPLIST_KEY_UISupportedInterfaceOrientations_iPad = "UIInterfaceOrientationPortrait UIInterfaceOrientationPortraitUpsideDown UIInterfaceOrientationLandscapeLeft UIInterfaceOrientationLandscapeRight";
				INFOPLIST_KEY_UISupportedInterfaceOrientations_iPhone = "UIInterfaceOrientationPortrait UIInterfaceOrientationLandscapeLeft UIInterfaceOrientationLandscapeRight";
				LD_RUNPATH_SEARCH_PATHS = (
					"$(inherited)",
					"@executable_path/Frameworks",
				);
				MARKETING_VERSION = 1.0;
				PRODUCT_BUNDLE_IDENTIFIER = "com.shyzagonakamoto.games-catalogue";
				PRODUCT_NAME = "games-catalogue";
				SWIFT_EMIT_LOC_STRINGS = YES;
				SWIFT_VERSION = 5.0;
				TARGETED_DEVICE_FAMILY = "1,2";
			};
			name = Release;
		};
/* End XCBuildConfiguration section */

/* Begin XCConfigurationList section */
		FB889D3C2835D0A400CEFF86 /* Build configuration list for PBXProject "games-catalogue" */ = {
			isa = XCConfigurationList;
			buildConfigurations = (
				FB889D4D2835D0A900CEFF86 /* Debug */,
				FB889D4E2835D0A900CEFF86 /* Release */,
			);
			defaultConfigurationIsVisible = 0;
			defaultConfigurationName = Release;
		};
		FB889D4F2835D0A900CEFF86 /* Build configuration list for PBXNativeTarget "games-catalogue" */ = {
			isa = XCConfigurationList;
			buildConfigurations = (
				FB889D502835D0A900CEFF86 /* Debug */,
				FB889D512835D0A900CEFF86 /* Release */,
			);
			defaultConfigurationIsVisible = 0;
			defaultConfigurationName = Release;
		};
/* End XCConfigurationList section */
	};
	rootObject = FB889D392835D0A400CEFF86 /* Project object */;
}
